// !$*UTF8*$!
{
	archiveVersion = 1;
	classes = {
	};
	objectVersion = 46;
	objects = {

/* Begin PBXBuildFile section */
		D80F4FBF1BC4191B00EAA4EC /* main.cpp in Sources */ = {isa = PBXBuildFile; fileRef = D80F4FBE1BC4191B00EAA4EC /* main.cpp */; };
		D80F4FC71BC4195600EAA4EC /* Architect.cpp in Sources */ = {isa = PBXBuildFile; fileRef = D80F4FC51BC4195600EAA4EC /* Architect.cpp */; settings = {ASSET_TAGS = (); }; };
		D80F4FCA1BC4196200EAA4EC /* Particle.cpp in Sources */ = {isa = PBXBuildFile; fileRef = D80F4FC81BC4196200EAA4EC /* Particle.cpp */; settings = {ASSET_TAGS = (); }; };
		D80F4FCD1BC4198200EAA4EC /* Visualization.cpp in Sources */ = {isa = PBXBuildFile; fileRef = D80F4FCB1BC4198200EAA4EC /* Visualization.cpp */; settings = {ASSET_TAGS = (); }; };
		D80F4FD01BC419BD00EAA4EC /* Domain.cpp in Sources */ = {isa = PBXBuildFile; fileRef = D80F4FCE1BC419BD00EAA4EC /* Domain.cpp */; settings = {ASSET_TAGS = (); }; };
		D80F4FD31BC419C600EAA4EC /* Storage.cpp in Sources */ = {isa = PBXBuildFile; fileRef = D80F4FD11BC419C600EAA4EC /* Storage.cpp */; settings = {ASSET_TAGS = (); }; };
		D80F4FD51BC41B9700EAA4EC /* GLUT.framework in Frameworks */ = {isa = PBXBuildFile; fileRef = D80F4FD41BC41B9700EAA4EC /* GLUT.framework */; };
		D80F4FD71BC41B9E00EAA4EC /* OpenGL.framework in Frameworks */ = {isa = PBXBuildFile; fileRef = D80F4FD61BC41B9E00EAA4EC /* OpenGL.framework */; };
/* End PBXBuildFile section */

/* Begin PBXCopyFilesBuildPhase section */
		D80F4FB91BC4191B00EAA4EC /* CopyFiles */ = {
			isa = PBXCopyFilesBuildPhase;
			buildActionMask = 2147483647;
			dstPath = /usr/share/man/man1/;
			dstSubfolderSpec = 0;
			files = (
			);
			runOnlyForDeploymentPostprocessing = 1;
		};
/* End PBXCopyFilesBuildPhase section */

/* Begin PBXFileReference section */
		D80F4FBB1BC4191B00EAA4EC /* ParticleMotion */ = {isa = PBXFileReference; explicitFileType = "compiled.mach-o.executable"; includeInIndex = 0; path = ParticleMotion; sourceTree = BUILT_PRODUCTS_DIR; };
		D80F4FBE1BC4191B00EAA4EC /* main.cpp */ = {isa = PBXFileReference; lastKnownFileType = sourcecode.cpp.cpp; path = main.cpp; sourceTree = "<group>"; };
		D80F4FC51BC4195600EAA4EC /* Architect.cpp */ = {isa = PBXFileReference; fileEncoding = 4; lastKnownFileType = sourcecode.cpp.cpp; path = Architect.cpp; sourceTree = "<group>"; };
		D80F4FC61BC4195600EAA4EC /* Architect.hpp */ = {isa = PBXFileReference; fileEncoding = 4; lastKnownFileType = sourcecode.cpp.h; path = Architect.hpp; sourceTree = "<group>"; };
		D80F4FC81BC4196200EAA4EC /* Particle.cpp */ = {isa = PBXFileReference; fileEncoding = 4; lastKnownFileType = sourcecode.cpp.cpp; path = Particle.cpp; sourceTree = "<group>"; };
		D80F4FC91BC4196200EAA4EC /* Particle.hpp */ = {isa = PBXFileReference; fileEncoding = 4; lastKnownFileType = sourcecode.cpp.h; path = Particle.hpp; sourceTree = "<group>"; };
		D80F4FCB1BC4198200EAA4EC /* Visualization.cpp */ = {isa = PBXFileReference; fileEncoding = 4; lastKnownFileType = sourcecode.cpp.cpp; path = Visualization.cpp; sourceTree = "<group>"; };
		D80F4FCC1BC4198200EAA4EC /* Visualization.hpp */ = {isa = PBXFileReference; fileEncoding = 4; lastKnownFileType = sourcecode.cpp.h; path = Visualization.hpp; sourceTree = "<group>"; };
		D80F4FCE1BC419BD00EAA4EC /* Domain.cpp */ = {isa = PBXFileReference; fileEncoding = 4; lastKnownFileType = sourcecode.cpp.cpp; path = Domain.cpp; sourceTree = "<group>"; };
		D80F4FCF1BC419BD00EAA4EC /* Domain.hpp */ = {isa = PBXFileReference; fileEncoding = 4; lastKnownFileType = sourcecode.cpp.h; path = Domain.hpp; sourceTree = "<group>"; };
		D80F4FD11BC419C600EAA4EC /* Storage.cpp */ = {isa = PBXFileReference; fileEncoding = 4; lastKnownFileType = sourcecode.cpp.cpp; path = Storage.cpp; sourceTree = "<group>"; };
		D80F4FD21BC419C600EAA4EC /* Storage.hpp */ = {isa = PBXFileReference; fileEncoding = 4; lastKnownFileType = sourcecode.cpp.h; path = Storage.hpp; sourceTree = "<group>"; };
		D80F4FD41BC41B9700EAA4EC /* GLUT.framework */ = {isa = PBXFileReference; lastKnownFileType = wrapper.framework; name = GLUT.framework; path = System/Library/Frameworks/GLUT.framework; sourceTree = SDKROOT; };
		D80F4FD61BC41B9E00EAA4EC /* OpenGL.framework */ = {isa = PBXFileReference; lastKnownFileType = wrapper.framework; name = OpenGL.framework; path = System/Library/Frameworks/OpenGL.framework; sourceTree = SDKROOT; };
/* End PBXFileReference section */

/* Begin PBXFrameworksBuildPhase section */
		D80F4FB81BC4191B00EAA4EC /* Frameworks */ = {
			isa = PBXFrameworksBuildPhase;
			buildActionMask = 2147483647;
			files = (
				D80F4FD71BC41B9E00EAA4EC /* OpenGL.framework in Frameworks */,
				D80F4FD51BC41B9700EAA4EC /* GLUT.framework in Frameworks */,
			);
			runOnlyForDeploymentPostprocessing = 0;
		};
/* End PBXFrameworksBuildPhase section */

/* Begin PBXGroup section */
		D80F4FB21BC4191B00EAA4EC = {
			isa = PBXGroup;
			children = (
				D80F4FD61BC41B9E00EAA4EC /* OpenGL.framework */,
				D80F4FD41BC41B9700EAA4EC /* GLUT.framework */,
				D80F4FBD1BC4191B00EAA4EC /* ParticleMotion */,
				D80F4FBC1BC4191B00EAA4EC /* Products */,
			);
			sourceTree = "<group>";
		};
		D80F4FBC1BC4191B00EAA4EC /* Products */ = {
			isa = PBXGroup;
			children = (
				D80F4FBB1BC4191B00EAA4EC /* ParticleMotion */,
			);
			name = Products;
			sourceTree = "<group>";
		};
		D80F4FBD1BC4191B00EAA4EC /* ParticleMotion */ = {
			isa = PBXGroup;
			children = (
				D80F4FBE1BC4191B00EAA4EC /* main.cpp */,
				D80F4FC51BC4195600EAA4EC /* Architect.cpp */,
				D80F4FC61BC4195600EAA4EC /* Architect.hpp */,
				D80F4FC81BC4196200EAA4EC /* Particle.cpp */,
				D80F4FC91BC4196200EAA4EC /* Particle.hpp */,
				D80F4FCB1BC4198200EAA4EC /* Visualization.cpp */,
				D80F4FCC1BC4198200EAA4EC /* Visualization.hpp */,
				D80F4FCE1BC419BD00EAA4EC /* Domain.cpp */,
				D80F4FCF1BC419BD00EAA4EC /* Domain.hpp */,
				D80F4FD11BC419C600EAA4EC /* Storage.cpp */,
				D80F4FD21BC419C600EAA4EC /* Storage.hpp */,
			);
			path = ParticleMotion;
			sourceTree = "<group>";
		};
/* End PBXGroup section */

/* Begin PBXNativeTarget section */
		D80F4FBA1BC4191B00EAA4EC /* ParticleMotion */ = {
			isa = PBXNativeTarget;
			buildConfigurationList = D80F4FC21BC4191B00EAA4EC /* Build configuration list for PBXNativeTarget "ParticleMotion" */;
			buildPhases = (
				D80F4FB71BC4191B00EAA4EC /* Sources */,
				D80F4FB81BC4191B00EAA4EC /* Frameworks */,
				D80F4FB91BC4191B00EAA4EC /* CopyFiles */,
			);
			buildRules = (
			);
			dependencies = (
			);
			name = ParticleMotion;
			productName = ParticleMotion;
			productReference = D80F4FBB1BC4191B00EAA4EC /* ParticleMotion */;
			productType = "com.apple.product-type.tool";
		};
/* End PBXNativeTarget section */

/* Begin PBXProject section */
		D80F4FB31BC4191B00EAA4EC /* Project object */ = {
			isa = PBXProject;
			attributes = {
				LastUpgradeCheck = 0700;
				ORGANIZATIONNAME = "Sahand Hariri";
				TargetAttributes = {
					D80F4FBA1BC4191B00EAA4EC = {
						CreatedOnToolsVersion = 7.0.1;
					};
				};
			};
			buildConfigurationList = D80F4FB61BC4191B00EAA4EC /* Build configuration list for PBXProject "ParticleMotion" */;
			compatibilityVersion = "Xcode 3.2";
			developmentRegion = English;
			hasScannedForEncodings = 0;
			knownRegions = (
				en,
			);
			mainGroup = D80F4FB21BC4191B00EAA4EC;
			productRefGroup = D80F4FBC1BC4191B00EAA4EC /* Products */;
			projectDirPath = "";
			projectRoot = "";
			targets = (
				D80F4FBA1BC4191B00EAA4EC /* ParticleMotion */,
			);
		};
/* End PBXProject section */

/* Begin PBXSourcesBuildPhase section */
		D80F4FB71BC4191B00EAA4EC /* Sources */ = {
			isa = PBXSourcesBuildPhase;
			buildActionMask = 2147483647;
			files = (
				D80F4FCD1BC4198200EAA4EC /* Visualization.cpp in Sources */,
				D80F4FBF1BC4191B00EAA4EC /* main.cpp in Sources */,
				D80F4FCA1BC4196200EAA4EC /* Particle.cpp in Sources */,
				D80F4FD31BC419C600EAA4EC /* Storage.cpp in Sources */,
				D80F4FD01BC419BD00EAA4EC /* Domain.cpp in Sources */,
				D80F4FC71BC4195600EAA4EC /* Architect.cpp in Sources */,
			);
			runOnlyForDeploymentPostprocessing = 0;
		};
/* End PBXSourcesBuildPhase section */

/* Begin XCBuildConfiguration section */
		D80F4FC01BC4191B00EAA4EC /* Debug */ = {
			isa = XCBuildConfiguration;
			buildSettings = {
				ALWAYS_SEARCH_USER_PATHS = NO;
				CLANG_CXX_LANGUAGE_STANDARD = "gnu++0x";
				CLANG_CXX_LIBRARY = "libc++";
				CLANG_ENABLE_MODULES = YES;
				CLANG_ENABLE_OBJC_ARC = YES;
				CLANG_WARN_BOOL_CONVERSION = YES;
				CLANG_WARN_CONSTANT_CONVERSION = YES;
				CLANG_WARN_DIRECT_OBJC_ISA_USAGE = YES_ERROR;
				CLANG_WARN_EMPTY_BODY = YES;
				CLANG_WARN_ENUM_CONVERSION = YES;
				CLANG_WARN_INT_CONVERSION = YES;
				CLANG_WARN_OBJC_ROOT_CLASS = YES_ERROR;
				CLANG_WARN_UNREACHABLE_CODE = YES;
				CLANG_WARN__DUPLICATE_METHOD_MATCH = YES;
				COPY_PHASE_STRIP = NO;
				DEBUG_INFORMATION_FORMAT = dwarf;
				ENABLE_STRICT_OBJC_MSGSEND = YES;
				ENABLE_TESTABILITY = YES;
				GCC_C_LANGUAGE_STANDARD = gnu99;
				GCC_DYNAMIC_NO_PIC = NO;
				GCC_NO_COMMON_BLOCKS = YES;
				GCC_OPTIMIZATION_LEVEL = 0;
				GCC_PREPROCESSOR_DEFINITIONS = (
					"DEBUG=1",
					"$(inherited)",
				);
				GCC_WARN_64_TO_32_BIT_CONVERSION = YES;
				GCC_WARN_ABOUT_RETURN_TYPE = YES_ERROR;
				GCC_WARN_UNDECLARED_SELECTOR = YES;
				GCC_WARN_UNINITIALIZED_AUTOS = YES_AGGRESSIVE;
				GCC_WARN_UNUSED_FUNCTION = YES;
				GCC_WARN_UNUSED_VARIABLE = YES;
				MACOSX_DEPLOYMENT_TARGET = 10.10;
				MTL_ENABLE_DEBUG_INFO = YES;
				ONLY_ACTIVE_ARCH = YES;
				SDKROOT = macosx;
			};
			name = Debug;
		};
		D80F4FC11BC4191B00EAA4EC /* Release */ = {
			isa = XCBuildConfiguration;
			buildSettings = {
				ALWAYS_SEARCH_USER_PATHS = NO;
				CLANG_CXX_LANGUAGE_STANDARD = "gnu++0x";
				CLANG_CXX_LIBRARY = "libc++";
				CLANG_ENABLE_MODULES = YES;
				CLANG_ENABLE_OBJC_ARC = YES;
				CLANG_WARN_BOOL_CONVERSION = YES;
				CLANG_WARN_CONSTANT_CONVERSION = YES;
				CLANG_WARN_DIRECT_OBJC_ISA_USAGE = YES_ERROR;
				CLANG_WARN_EMPTY_BODY = YES;
				CLANG_WARN_ENUM_CONVERSION = YES;
				CLANG_WARN_INT_CONVERSION = YES;
				CLANG_WARN_OBJC_ROOT_CLASS = YES_ERROR;
				CLANG_WARN_UNREACHABLE_CODE = YES;
				CLANG_WARN__DUPLICATE_METHOD_MATCH = YES;
				COPY_PHASE_STRIP = NO;
				DEBUG_INFORMATION_FORMAT = "dwarf-with-dsym";
				ENABLE_NS_ASSERTIONS = NO;
				ENABLE_STRICT_OBJC_MSGSEND = YES;
				GCC_C_LANGUAGE_STANDARD = gnu99;
				GCC_NO_COMMON_BLOCKS = YES;
				GCC_WARN_64_TO_32_BIT_CONVERSION = YES;
				GCC_WARN_ABOUT_RETURN_TYPE = YES_ERROR;
				GCC_WARN_UNDECLARED_SELECTOR = YES;
				GCC_WARN_UNINITIALIZED_AUTOS = YES_AGGRESSIVE;
				GCC_WARN_UNUSED_FUNCTION = YES;
				GCC_WARN_UNUSED_VARIABLE = YES;
				MACOSX_DEPLOYMENT_TARGET = 10.10;
				MTL_ENABLE_DEBUG_INFO = NO;
				SDKROOT = macosx;
			};
			name = Release;
		};
		D80F4FC31BC4191B00EAA4EC /* Debug */ = {
			isa = XCBuildConfiguration;
			buildSettings = {
				HEADER_SEARCH_PATHS = (
					/usr/local/Cellar/mysql/5.6.26/include/mysql,
					/usr/local/Cellar/glfw3/3.1.1/include,
				);
				LIBRARY_SEARCH_PATHS = (
					/usr/local/Cellar/mysql/5.6.26/lib,
					/usr/local/Cellar/glfw3/3.1.1/lib,
				);
				OTHER_LDFLAGS = (
					"-lmysqlclient",
					"-lm",
					"-lz",
					"-lglfw3",
				);
				PRODUCT_NAME = "$(TARGET_NAME)";
			};
			name = Debug;
		};
		D80F4FC41BC4191B00EAA4EC /* Release */ = {
			isa = XCBuildConfiguration;
			buildSettings = {
				HEADER_SEARCH_PATHS = (
					/usr/local/Cellar/mysql/5.6.26/include/mysql,
					/usr/local/Cellar/glfw3/3.1.1/include,
				);
				LIBRARY_SEARCH_PATHS = (
					/usr/local/Cellar/mysql/5.6.26/lib,
					/usr/local/Cellar/glfw3/3.1.1/lib,
				);
				OTHER_LDFLAGS = (
					"-lmysqlclient",
					"-lm",
					"-lz",
					"-lglfw3",
				);
				PRODUCT_NAME = "$(TARGET_NAME)";
			};
			name = Release;
		};
/* End XCBuildConfiguration section */

/* Begin XCConfigurationList section */
		D80F4FB61BC4191B00EAA4EC /* Build configuration list for PBXProject "ParticleMotion" */ = {
			isa = XCConfigurationList;
			buildConfigurations = (
				D80F4FC01BC4191B00EAA4EC /* Debug */,
				D80F4FC11BC4191B00EAA4EC /* Release */,
			);
			defaultConfigurationIsVisible = 0;
			defaultConfigurationName = Release;
		};
		D80F4FC21BC4191B00EAA4EC /* Build configuration list for PBXNativeTarget "ParticleMotion" */ = {
			isa = XCConfigurationList;
			buildConfigurations = (
				D80F4FC31BC4191B00EAA4EC /* Debug */,
				D80F4FC41BC4191B00EAA4EC /* Release */,
			);
			defaultConfigurationIsVisible = 0;
		};
/* End XCConfigurationList section */
	};
	rootObject = D80F4FB31BC4191B00EAA4EC /* Project object */;
}
